
Microsoft Visual Studio Solution File, Format Version 12.00
# Visual Studio 14
VisualStudioVersion = 14.0.25123.0
MinimumVisualStudioVersion = 10.0.40219.1
Project("{FAE04EC0-301F-11D3-BF4B-00C04F79EFBC}") = "AngularForms", "AngularForms\AngularForms.csproj", "{B0FE7680-2AC8-48FA-BF79-00F640795971}"
EndProject
Project("{FAE04EC0-301F-11D3-BF4B-00C04F79EFBC}") = "AngularForms.Tests", "AngularForms.Tests\AngularForms.Tests.csproj", "{D551A8C8-87F9-43F8-A7CA-7FC2E7C439F4}"
EndProject
Global
	GlobalSection(SolutionConfigurationPlatforms) = preSolution
		Debug|Any CPU = Debug|Any CPU
		Release|Any CPU = Release|Any CPU
	EndGlobalSection
	GlobalSection(ProjectConfigurationPlatforms) = postSolution
		{B0FE7680-2AC8-48FA-BF79-00F640795971}.Debug|Any CPU.ActiveCfg = Debug|Any CPU
		{B0FE7680-2AC8-48FA-BF79-00F640795971}.Debug|Any CPU.Build.0 = Debug|Any CPU
		{B0FE7680-2AC8-48FA-BF79-00F640795971}.Release|Any CPU.ActiveCfg = Release|Any CPU
		{B0FE7680-2AC8-48FA-BF79-00F640795971}.Release|Any CPU.Build.0 = Release|Any CPU
		{D551A8C8-87F9-43F8-A7CA-7FC2E7C439F4}.Debug|Any CPU.ActiveCfg = Debug|Any CPU
		{D551A8C8-87F9-43F8-A7CA-7FC2E7C439F4}.Debug|Any CPU.Build.0 = Debug|Any CPU
		{D551A8C8-87F9-43F8-A7CA-7FC2E7C439F4}.Release|Any CPU.ActiveCfg = Release|Any CPU
		{D551A8C8-87F9-43F8-A7CA-7FC2E7C439F4}.Release|Any CPU.Build.0 = Release|Any CPU
	EndGlobalSection
	GlobalSection(SolutionProperties) = preSolution
		HideSolutionNode = FALSE
	EndGlobalSection
EndGlobal
